
Microsoft Visual Studio Solution File, Format Version 12.00
# Visual Studio Version 16
VisualStudioVersion = 16.0.30320.27
MinimumVisualStudioVersion = 10.0.40219.1
Project("{FAE04EC0-301F-11D3-BF4B-00C04F79EFBC}") = "Apex_Console", "Apex_Console\Apex_Console.csproj", "{23F2236D-6A98-4070-A7A1-5DDE71EFE9C5}"
EndProject
Global
	GlobalSection(SolutionConfigurationPlatforms) = preSolution
		Debug|Any CPU = Debug|Any CPU
		Release|Any CPU = Release|Any CPU
	EndGlobalSection
	GlobalSection(ProjectConfigurationPlatforms) = postSolution
		{23F2236D-6A98-4070-A7A1-5DDE71EFE9C5}.Debug|Any CPU.ActiveCfg = Debug|Any CPU
		{23F2236D-6A98-4070-A7A1-5DDE71EFE9C5}.Debug|Any CPU.Build.0 = Debug|Any CPU
		{23F2236D-6A98-4070-A7A1-5DDE71EFE9C5}.Release|Any CPU.ActiveCfg = Release|Any CPU
		{23F2236D-6A98-4070-A7A1-5DDE71EFE9C5}.Release|Any CPU.Build.0 = Release|Any CPU
	EndGlobalSection
	GlobalSection(SolutionProperties) = preSolution
		HideSolutionNode = FALSE
	EndGlobalSection
	GlobalSection(ExtensibilityGlobals) = postSolution
		SolutionGuid = {1FFD6A37-48EE-4116-80FF-7C6A956B4882}
	EndGlobalSection
EndGlobal
